
Microsoft Visual Studio Solution File, Format Version 12.00
# Visual Studio Version 16
VisualStudioVersion = 16.0.30717.126
MinimumVisualStudioVersion = 10.0.40219.1
Project("{FAE04EC0-301F-11D3-BF4B-00C04F79EFBC}") = "DocumentManagementSystem.Web", "DocumentManagementSystem.Web\DocumentManagementSystem.Web.csproj", "{76C5CC2C-CA1A-4E1A-A735-80DFB02FD164}"
EndProject
Project("{FAE04EC0-301F-11D3-BF4B-00C04F79EFBC}") = "DocumentManagementSystem.Core", "DocumentManagementSystem.Core\DocumentManagementSystem.Core.csproj", "{2B241532-4C28-4131-86A9-73E19DBD8143}"
EndProject
Project("{FAE04EC0-301F-11D3-BF4B-00C04F79EFBC}") = "DocumentManagementSystem.Data", "DocumentManagementSystem.Data\DocumentManagementSystem.Data.csproj", "{5595ACA3-B9E6-4F91-AABC-8E727D4B98D0}"
EndProject
Project("{FAE04EC0-301F-11D3-BF4B-00C04F79EFBC}") = "DocumentManagementSystem.Service", "DocumentManagementSystem.Service\DocumentManagementSystem.Service.csproj", "{C0E41F36-1038-4E1E-9229-72E44A09CEBD}"
EndProject
Global
	GlobalSection(SolutionConfigurationPlatforms) = preSolution
		Debug|Any CPU = Debug|Any CPU
		Release|Any CPU = Release|Any CPU
	EndGlobalSection
	GlobalSection(ProjectConfigurationPlatforms) = postSolution
		{76C5CC2C-CA1A-4E1A-A735-80DFB02FD164}.Debug|Any CPU.ActiveCfg = Debug|Any CPU
		{76C5CC2C-CA1A-4E1A-A735-80DFB02FD164}.Debug|Any CPU.Build.0 = Debug|Any CPU
		{76C5CC2C-CA1A-4E1A-A735-80DFB02FD164}.Release|Any CPU.ActiveCfg = Release|Any CPU
		{76C5CC2C-CA1A-4E1A-A735-80DFB02FD164}.Release|Any CPU.Build.0 = Release|Any CPU
		{2B241532-4C28-4131-86A9-73E19DBD8143}.Debug|Any CPU.ActiveCfg = Debug|Any CPU
		{2B241532-4C28-4131-86A9-73E19DBD8143}.Debug|Any CPU.Build.0 = Debug|Any CPU
		{2B241532-4C28-4131-86A9-73E19DBD8143}.Release|Any CPU.ActiveCfg = Release|Any CPU
		{2B241532-4C28-4131-86A9-73E19DBD8143}.Release|Any CPU.Build.0 = Release|Any CPU
		{5595ACA3-B9E6-4F91-AABC-8E727D4B98D0}.Debug|Any CPU.ActiveCfg = Debug|Any CPU
		{5595ACA3-B9E6-4F91-AABC-8E727D4B98D0}.Debug|Any CPU.Build.0 = Debug|Any CPU
		{5595ACA3-B9E6-4F91-AABC-8E727D4B98D0}.Release|Any CPU.ActiveCfg = Release|Any CPU
		{5595ACA3-B9E6-4F91-AABC-8E727D4B98D0}.Release|Any CPU.Build.0 = Release|Any CPU
		{C0E41F36-1038-4E1E-9229-72E44A09CEBD}.Debug|Any CPU.ActiveCfg = Debug|Any CPU
		{C0E41F36-1038-4E1E-9229-72E44A09CEBD}.Debug|Any CPU.Build.0 = Debug|Any CPU
		{C0E41F36-1038-4E1E-9229-72E44A09CEBD}.Release|Any CPU.ActiveCfg = Release|Any CPU
		{C0E41F36-1038-4E1E-9229-72E44A09CEBD}.Release|Any CPU.Build.0 = Release|Any CPU
	EndGlobalSection
	GlobalSection(SolutionProperties) = preSolution
		HideSolutionNode = FALSE
	EndGlobalSection
	GlobalSection(ExtensibilityGlobals) = postSolution
		SolutionGuid = {975F7D7C-AB5A-4162-A108-CB85868D8EE3}
	EndGlobalSection
EndGlobal
